
Microsoft Visual Studio Solution File, Format Version 12.00
Project("{2150E333-8FDC-42A3-9474-1A3956D46DE8}") = "src", "src", "{56D48E50-285B-4813-9BC8-36B3DDD670EA}"
EndProject
Project("{2150E333-8FDC-42A3-9474-1A3956D46DE8}") = "tests", "tests", "{B963472E-0314-40CB-A2FF-F4DF73329C5B}"
EndProject
Project("{FAE04EC0-301F-11D3-BF4B-00C04F79EFBC}") = "Application", "src\Application\Application.csproj", "{6FF770BB-0D7D-486F-969C-ECB4000139B2}"
EndProject
Project("{FAE04EC0-301F-11D3-BF4B-00C04F79EFBC}") = "Infrastructure", "src\Infrastructure\Infrastructure.csproj", "{A33A1F39-74E6-4191-914A-24D5739C25FC}"
EndProject
Project("{FAE04EC0-301F-11D3-BF4B-00C04F79EFBC}") = "Domain", "src\Domain\Domain.csproj", "{051C563B-062F-487E-AA65-FFF4A9C22D19}"
EndProject
Project("{FAE04EC0-301F-11D3-BF4B-00C04F79EFBC}") = "ConsoleApp", "src\ConsoleApp\ConsoleApp.csproj", "{2B30CD62-AFE3-43E3-9224-1AD082C7DE98}"
EndProject
Project("{FAE04EC0-301F-11D3-BF4B-00C04F79EFBC}") = "Test.UnitTests.Domain", "tests\Test.UnitTests.Domain\Test.UnitTests.Domain.csproj", "{58D15087-3105-49D1-9255-B9D725EBE503}"
EndProject
Project("{FAE04EC0-301F-11D3-BF4B-00C04F79EFBC}") = "Test.UnitTests.Application", "tests\Test.UnitTests.Application\Test.UnitTests.Application.csproj", "{4AB3F2C1-0244-4DA3-8CB6-517C0F77CDB5}"
EndProject
Project("{FAE04EC0-301F-11D3-BF4B-00C04F79EFBC}") = "Test.UnitTests.ConsoleApp", "tests\Test.UnitTests.ConsoleApp\Test.UnitTests.ConsoleApp.csproj", "{760892B4-69A2-46ED-830A-FFD7D0C6CB01}"
EndProject
Project("{FAE04EC0-301F-11D3-BF4B-00C04F79EFBC}") = "Test.UnitTests.Infrastructure", "tests\Test.UnitTests.Infrastructure\Test.UnitTests.Infrastructure.csproj", "{959568C1-DADA-47FF-B386-E33C471D8945}"
EndProject
Project("{FAE04EC0-301F-11D3-BF4B-00C04F79EFBC}") = "Test.UnitTests.Integration", "tests\Test.UnitTests.Integration\Test.UnitTests.Integration.csproj", "{48B17149-B719-4DA6-AE0F-4A861A9CA284}"
EndProject
Global
	GlobalSection(SolutionConfigurationPlatforms) = preSolution
		Debug|Any CPU = Debug|Any CPU
		Release|Any CPU = Release|Any CPU
	EndGlobalSection
	GlobalSection(ProjectConfigurationPlatforms) = postSolution
		{6FF770BB-0D7D-486F-969C-ECB4000139B2}.Debug|Any CPU.ActiveCfg = Debug|Any CPU
		{6FF770BB-0D7D-486F-969C-ECB4000139B2}.Debug|Any CPU.Build.0 = Debug|Any CPU
		{6FF770BB-0D7D-486F-969C-ECB4000139B2}.Release|Any CPU.ActiveCfg = Release|Any CPU
		{6FF770BB-0D7D-486F-969C-ECB4000139B2}.Release|Any CPU.Build.0 = Release|Any CPU
		{A33A1F39-74E6-4191-914A-24D5739C25FC}.Debug|Any CPU.ActiveCfg = Debug|Any CPU
		{A33A1F39-74E6-4191-914A-24D5739C25FC}.Debug|Any CPU.Build.0 = Debug|Any CPU
		{A33A1F39-74E6-4191-914A-24D5739C25FC}.Release|Any CPU.ActiveCfg = Release|Any CPU
		{A33A1F39-74E6-4191-914A-24D5739C25FC}.Release|Any CPU.Build.0 = Release|Any CPU
		{051C563B-062F-487E-AA65-FFF4A9C22D19}.Debug|Any CPU.ActiveCfg = Debug|Any CPU
		{051C563B-062F-487E-AA65-FFF4A9C22D19}.Debug|Any CPU.Build.0 = Debug|Any CPU
		{051C563B-062F-487E-AA65-FFF4A9C22D19}.Release|Any CPU.ActiveCfg = Release|Any CPU
		{051C563B-062F-487E-AA65-FFF4A9C22D19}.Release|Any CPU.Build.0 = Release|Any CPU
		{2B30CD62-AFE3-43E3-9224-1AD082C7DE98}.Debug|Any CPU.ActiveCfg = Debug|Any CPU
		{2B30CD62-AFE3-43E3-9224-1AD082C7DE98}.Debug|Any CPU.Build.0 = Debug|Any CPU
		{2B30CD62-AFE3-43E3-9224-1AD082C7DE98}.Release|Any CPU.ActiveCfg = Release|Any CPU
		{2B30CD62-AFE3-43E3-9224-1AD082C7DE98}.Release|Any CPU.Build.0 = Release|Any CPU
		{58D15087-3105-49D1-9255-B9D725EBE503}.Debug|Any CPU.ActiveCfg = Debug|Any CPU
		{58D15087-3105-49D1-9255-B9D725EBE503}.Debug|Any CPU.Build.0 = Debug|Any CPU
		{58D15087-3105-49D1-9255-B9D725EBE503}.Release|Any CPU.ActiveCfg = Release|Any CPU
		{58D15087-3105-49D1-9255-B9D725EBE503}.Release|Any CPU.Build.0 = Release|Any CPU
		{4AB3F2C1-0244-4DA3-8CB6-517C0F77CDB5}.Debug|Any CPU.ActiveCfg = Debug|Any CPU
		{4AB3F2C1-0244-4DA3-8CB6-517C0F77CDB5}.Debug|Any CPU.Build.0 = Debug|Any CPU
		{4AB3F2C1-0244-4DA3-8CB6-517C0F77CDB5}.Release|Any CPU.ActiveCfg = Release|Any CPU
		{4AB3F2C1-0244-4DA3-8CB6-517C0F77CDB5}.Release|Any CPU.Build.0 = Release|Any CPU
		{760892B4-69A2-46ED-830A-FFD7D0C6CB01}.Debug|Any CPU.ActiveCfg = Debug|Any CPU
		{760892B4-69A2-46ED-830A-FFD7D0C6CB01}.Debug|Any CPU.Build.0 = Debug|Any CPU
		{760892B4-69A2-46ED-830A-FFD7D0C6CB01}.Release|Any CPU.ActiveCfg = Release|Any CPU
		{760892B4-69A2-46ED-830A-FFD7D0C6CB01}.Release|Any CPU.Build.0 = Release|Any CPU
		{959568C1-DADA-47FF-B386-E33C471D8945}.Debug|Any CPU.ActiveCfg = Debug|Any CPU
		{959568C1-DADA-47FF-B386-E33C471D8945}.Debug|Any CPU.Build.0 = Debug|Any CPU
		{959568C1-DADA-47FF-B386-E33C471D8945}.Release|Any CPU.ActiveCfg = Release|Any CPU
		{959568C1-DADA-47FF-B386-E33C471D8945}.Release|Any CPU.Build.0 = Release|Any CPU
		{48B17149-B719-4DA6-AE0F-4A861A9CA284}.Debug|Any CPU.ActiveCfg = Debug|Any CPU
		{48B17149-B719-4DA6-AE0F-4A861A9CA284}.Debug|Any CPU.Build.0 = Debug|Any CPU
		{48B17149-B719-4DA6-AE0F-4A861A9CA284}.Release|Any CPU.ActiveCfg = Release|Any CPU
		{48B17149-B719-4DA6-AE0F-4A861A9CA284}.Release|Any CPU.Build.0 = Release|Any CPU
	EndGlobalSection
	GlobalSection(NestedProjects) = preSolution
		{6FF770BB-0D7D-486F-969C-ECB4000139B2} = {56D48E50-285B-4813-9BC8-36B3DDD670EA}
		{A33A1F39-74E6-4191-914A-24D5739C25FC} = {56D48E50-285B-4813-9BC8-36B3DDD670EA}
		{051C563B-062F-487E-AA65-FFF4A9C22D19} = {56D48E50-285B-4813-9BC8-36B3DDD670EA}
		{2B30CD62-AFE3-43E3-9224-1AD082C7DE98} = {56D48E50-285B-4813-9BC8-36B3DDD670EA}
		{58D15087-3105-49D1-9255-B9D725EBE503} = {B963472E-0314-40CB-A2FF-F4DF73329C5B}
		{4AB3F2C1-0244-4DA3-8CB6-517C0F77CDB5} = {B963472E-0314-40CB-A2FF-F4DF73329C5B}
		{760892B4-69A2-46ED-830A-FFD7D0C6CB01} = {B963472E-0314-40CB-A2FF-F4DF73329C5B}
		{959568C1-DADA-47FF-B386-E33C471D8945} = {B963472E-0314-40CB-A2FF-F4DF73329C5B}
		{48B17149-B719-4DA6-AE0F-4A861A9CA284} = {B963472E-0314-40CB-A2FF-F4DF73329C5B}
	EndGlobalSection
EndGlobal
